// !$*UTF8*$!
{
	archiveVersion = 1;
	classes = {
	};
	objectVersion = 46;
	objects = {

/* Begin PBXBuildFile section */
		D4FD556719F3644C00954C53 /* main.m in Sources */ = {isa = PBXBuildFile; fileRef = D4FD556619F3644C00954C53 /* main.m */; };
		D4FD556A19F3644C00954C53 /* AppDelegate.m in Sources */ = {isa = PBXBuildFile; fileRef = D4FD556919F3644C00954C53 /* AppDelegate.m */; };
		D4FD556D19F3644C00954C53 /* FLXTodoTableViewController.m in Sources */ = {isa = PBXBuildFile; fileRef = D4FD556C19F3644C00954C53 /* FLXTodoTableViewController.m */; };
		D4FD557019F3644C00954C53 /* Main.storyboard in Resources */ = {isa = PBXBuildFile; fileRef = D4FD556E19F3644C00954C53 /* Main.storyboard */; };
		D4FD557219F3644C00954C53 /* Images.xcassets in Resources */ = {isa = PBXBuildFile; fileRef = D4FD557119F3644C00954C53 /* Images.xcassets */; };
		D4FD557519F3644C00954C53 /* LaunchScreen.xib in Resources */ = {isa = PBXBuildFile; fileRef = D4FD557319F3644C00954C53 /* LaunchScreen.xib */; };
		D4FD558119F3644C00954C53 /* fluxtestTests.m in Sources */ = {isa = PBXBuildFile; fileRef = D4FD558019F3644C00954C53 /* fluxtestTests.m */; };
		D4FD558C19F3688900954C53 /* FLXTodoTableViewCell.m in Sources */ = {isa = PBXBuildFile; fileRef = D4FD558B19F3688900954C53 /* FLXTodoTableViewCell.m */; };
		D4FD558F19F36AC000954C53 /* FLXTodoAction.m in Sources */ = {isa = PBXBuildFile; fileRef = D4FD558E19F36AC000954C53 /* FLXTodoAction.m */; };
		D4FD559219F36B3600954C53 /* FLXTodoDispatcher.m in Sources */ = {isa = PBXBuildFile; fileRef = D4FD559119F36B3600954C53 /* FLXTodoDispatcher.m */; };
		D4FD559519F36BF200954C53 /* FLXTodo.m in Sources */ = {isa = PBXBuildFile; fileRef = D4FD559419F36BF200954C53 /* FLXTodo.m */; };
		D4FD559919F36E3C00954C53 /* FLXAction.m in Sources */ = {isa = PBXBuildFile; fileRef = D4FD559819F36E3C00954C53 /* FLXAction.m */; };
		D4FD559C19F36E4300954C53 /* FLXDispatcher.m in Sources */ = {isa = PBXBuildFile; fileRef = D4FD559B19F36E4300954C53 /* FLXDispatcher.m */; };
		D4FD559F19F3700D00954C53 /* FLXTodoStore.m in Sources */ = {isa = PBXBuildFile; fileRef = D4FD559E19F3700D00954C53 /* FLXTodoStore.m */; };
		D4FD55A219F3701700954C53 /* FLXStore.m in Sources */ = {isa = PBXBuildFile; fileRef = D4FD55A119F3701700954C53 /* FLXStore.m */; };
		D4FD55A519F3705B00954C53 /* FLXStoreService.m in Sources */ = {isa = PBXBuildFile; fileRef = D4FD55A419F3705B00954C53 /* FLXStoreService.m */; };
/* End PBXBuildFile section */

/* Begin PBXContainerItemProxy section */
		D4FD557B19F3644C00954C53 /* PBXContainerItemProxy */ = {
			isa = PBXContainerItemProxy;
			containerPortal = D4FD555919F3644C00954C53 /* Project object */;
			proxyType = 1;
			remoteGlobalIDString = D4FD556019F3644C00954C53;
			remoteInfo = fluxtest;
		};
/* End PBXContainerItemProxy section */

/* Begin PBXFileReference section */
		D4FD556119F3644C00954C53 /* fluxtest.app */ = {isa = PBXFileReference; explicitFileType = wrapper.application; includeInIndex = 0; path = fluxtest.app; sourceTree = BUILT_PRODUCTS_DIR; };
		D4FD556519F3644C00954C53 /* Info.plist */ = {isa = PBXFileReference; lastKnownFileType = text.plist.xml; path = Info.plist; sourceTree = "<group>"; };
		D4FD556619F3644C00954C53 /* main.m */ = {isa = PBXFileReference; lastKnownFileType = sourcecode.c.objc; path = main.m; sourceTree = "<group>"; };
		D4FD556819F3644C00954C53 /* AppDelegate.h */ = {isa = PBXFileReference; lastKnownFileType = sourcecode.c.h; path = AppDelegate.h; sourceTree = "<group>"; };
		D4FD556919F3644C00954C53 /* AppDelegate.m */ = {isa = PBXFileReference; lastKnownFileType = sourcecode.c.objc; path = AppDelegate.m; sourceTree = "<group>"; };
		D4FD556B19F3644C00954C53 /* FLXTodoTableViewController.h */ = {isa = PBXFileReference; lastKnownFileType = sourcecode.c.h; path = FLXTodoTableViewController.h; sourceTree = "<group>"; };
		D4FD556C19F3644C00954C53 /* FLXTodoTableViewController.m */ = {isa = PBXFileReference; lastKnownFileType = sourcecode.c.objc; path = FLXTodoTableViewController.m; sourceTree = "<group>"; };
		D4FD556F19F3644C00954C53 /* Base */ = {isa = PBXFileReference; lastKnownFileType = file.storyboard; name = Base; path = Base.lproj/Main.storyboard; sourceTree = "<group>"; };
		D4FD557119F3644C00954C53 /* Images.xcassets */ = {isa = PBXFileReference; lastKnownFileType = folder.assetcatalog; path = Images.xcassets; sourceTree = "<group>"; };
		D4FD557419F3644C00954C53 /* Base */ = {isa = PBXFileReference; lastKnownFileType = file.xib; name = Base; path = Base.lproj/LaunchScreen.xib; sourceTree = "<group>"; };
		D4FD557A19F3644C00954C53 /* fluxtestTests.xctest */ = {isa = PBXFileReference; explicitFileType = wrapper.cfbundle; includeInIndex = 0; path = fluxtestTests.xctest; sourceTree = BUILT_PRODUCTS_DIR; };
		D4FD557F19F3644C00954C53 /* Info.plist */ = {isa = PBXFileReference; lastKnownFileType = text.plist.xml; path = Info.plist; sourceTree = "<group>"; };
		D4FD558019F3644C00954C53 /* fluxtestTests.m */ = {isa = PBXFileReference; lastKnownFileType = sourcecode.c.objc; path = fluxtestTests.m; sourceTree = "<group>"; };
		D4FD558A19F3688900954C53 /* FLXTodoTableViewCell.h */ = {isa = PBXFileReference; fileEncoding = 4; lastKnownFileType = sourcecode.c.h; path = FLXTodoTableViewCell.h; sourceTree = "<group>"; };
		D4FD558B19F3688900954C53 /* FLXTodoTableViewCell.m */ = {isa = PBXFileReference; fileEncoding = 4; lastKnownFileType = sourcecode.c.objc; path = FLXTodoTableViewCell.m; sourceTree = "<group>"; };
		D4FD558D19F36AC000954C53 /* FLXTodoAction.h */ = {isa = PBXFileReference; fileEncoding = 4; lastKnownFileType = sourcecode.c.h; path = FLXTodoAction.h; sourceTree = "<group>"; };
		D4FD558E19F36AC000954C53 /* FLXTodoAction.m */ = {isa = PBXFileReference; fileEncoding = 4; lastKnownFileType = sourcecode.c.objc; path = FLXTodoAction.m; sourceTree = "<group>"; };
		D4FD559019F36B3600954C53 /* FLXTodoDispatcher.h */ = {isa = PBXFileReference; fileEncoding = 4; lastKnownFileType = sourcecode.c.h; path = FLXTodoDispatcher.h; sourceTree = "<group>"; };
		D4FD559119F36B3600954C53 /* FLXTodoDispatcher.m */ = {isa = PBXFileReference; fileEncoding = 4; lastKnownFileType = sourcecode.c.objc; path = FLXTodoDispatcher.m; sourceTree = "<group>"; };
		D4FD559319F36BF200954C53 /* FLXTodo.h */ = {isa = PBXFileReference; fileEncoding = 4; lastKnownFileType = sourcecode.c.h; path = FLXTodo.h; sourceTree = "<group>"; };
		D4FD559419F36BF200954C53 /* FLXTodo.m */ = {isa = PBXFileReference; fileEncoding = 4; lastKnownFileType = sourcecode.c.objc; path = FLXTodo.m; sourceTree = "<group>"; };
		D4FD559719F36E3C00954C53 /* FLXAction.h */ = {isa = PBXFileReference; fileEncoding = 4; lastKnownFileType = sourcecode.c.h; path = FLXAction.h; sourceTree = "<group>"; };
		D4FD559819F36E3C00954C53 /* FLXAction.m */ = {isa = PBXFileReference; fileEncoding = 4; lastKnownFileType = sourcecode.c.objc; path = FLXAction.m; sourceTree = "<group>"; };
		D4FD559A19F36E4300954C53 /* FLXDispatcher.h */ = {isa = PBXFileReference; fileEncoding = 4; lastKnownFileType = sourcecode.c.h; path = FLXDispatcher.h; sourceTree = "<group>"; };
		D4FD559B19F36E4300954C53 /* FLXDispatcher.m */ = {isa = PBXFileReference; fileEncoding = 4; lastKnownFileType = sourcecode.c.objc; path = FLXDispatcher.m; sourceTree = "<group>"; };
		D4FD559D19F3700D00954C53 /* FLXTodoStore.h */ = {isa = PBXFileReference; fileEncoding = 4; lastKnownFileType = sourcecode.c.h; path = FLXTodoStore.h; sourceTree = "<group>"; };
		D4FD559E19F3700D00954C53 /* FLXTodoStore.m */ = {isa = PBXFileReference; fileEncoding = 4; lastKnownFileType = sourcecode.c.objc; path = FLXTodoStore.m; sourceTree = "<group>"; };
		D4FD55A019F3701700954C53 /* FLXStore.h */ = {isa = PBXFileReference; fileEncoding = 4; lastKnownFileType = sourcecode.c.h; path = FLXStore.h; sourceTree = "<group>"; };
		D4FD55A119F3701700954C53 /* FLXStore.m */ = {isa = PBXFileReference; fileEncoding = 4; lastKnownFileType = sourcecode.c.objc; path = FLXStore.m; sourceTree = "<group>"; };
		D4FD55A319F3705B00954C53 /* FLXStoreService.h */ = {isa = PBXFileReference; fileEncoding = 4; lastKnownFileType = sourcecode.c.h; path = FLXStoreService.h; sourceTree = "<group>"; };
		D4FD55A419F3705B00954C53 /* FLXStoreService.m */ = {isa = PBXFileReference; fileEncoding = 4; lastKnownFileType = sourcecode.c.objc; path = FLXStoreService.m; sourceTree = "<group>"; };
		D4FD55A619F371EA00954C53 /* FLXEventConst.h */ = {isa = PBXFileReference; lastKnownFileType = sourcecode.c.h; path = FLXEventConst.h; sourceTree = "<group>"; };
		D4FD55A719F37F3800954C53 /* FLXConst.h */ = {isa = PBXFileReference; lastKnownFileType = sourcecode.c.h; path = FLXConst.h; sourceTree = "<group>"; };
/* End PBXFileReference section */

/* Begin PBXFrameworksBuildPhase section */
		D4FD555E19F3644C00954C53 /* Frameworks */ = {
			isa = PBXFrameworksBuildPhase;
			buildActionMask = 2147483647;
			files = (
			);
			runOnlyForDeploymentPostprocessing = 0;
		};
		D4FD557719F3644C00954C53 /* Frameworks */ = {
			isa = PBXFrameworksBuildPhase;
			buildActionMask = 2147483647;
			files = (
			);
			runOnlyForDeploymentPostprocessing = 0;
		};
/* End PBXFrameworksBuildPhase section */

/* Begin PBXGroup section */
		D4FD555819F3644C00954C53 = {
			isa = PBXGroup;
			children = (
				D4FD556319F3644C00954C53 /* fluxtest */,
				D4FD557D19F3644C00954C53 /* fluxtestTests */,
				D4FD556219F3644C00954C53 /* Products */,
			);
			sourceTree = "<group>";
		};
		D4FD556219F3644C00954C53 /* Products */ = {
			isa = PBXGroup;
			children = (
				D4FD556119F3644C00954C53 /* fluxtest.app */,
				D4FD557A19F3644C00954C53 /* fluxtestTests.xctest */,
			);
			name = Products;
			sourceTree = "<group>";
		};
		D4FD556319F3644C00954C53 /* fluxtest */ = {
			isa = PBXGroup;
			children = (
				D4FD559619F36E3100954C53 /* Flux */,
				D4FD556819F3644C00954C53 /* AppDelegate.h */,
				D4FD556919F3644C00954C53 /* AppDelegate.m */,
				D4FD556B19F3644C00954C53 /* FLXTodoTableViewController.h */,
				D4FD556C19F3644C00954C53 /* FLXTodoTableViewController.m */,
				D4FD558A19F3688900954C53 /* FLXTodoTableViewCell.h */,
				D4FD558B19F3688900954C53 /* FLXTodoTableViewCell.m */,
				D4FD558D19F36AC000954C53 /* FLXTodoAction.h */,
				D4FD558E19F36AC000954C53 /* FLXTodoAction.m */,
				D4FD55A619F371EA00954C53 /* FLXEventConst.h */,
				D4FD559019F36B3600954C53 /* FLXTodoDispatcher.h */,
				D4FD559119F36B3600954C53 /* FLXTodoDispatcher.m */,
				D4FD559D19F3700D00954C53 /* FLXTodoStore.h */,
				D4FD559E19F3700D00954C53 /* FLXTodoStore.m */,
				D4FD559319F36BF200954C53 /* FLXTodo.h */,
				D4FD559419F36BF200954C53 /* FLXTodo.m */,
				D4FD556E19F3644C00954C53 /* Main.storyboard */,
				D4FD557119F3644C00954C53 /* Images.xcassets */,
				D4FD557319F3644C00954C53 /* LaunchScreen.xib */,
				D4FD556419F3644C00954C53 /* Supporting Files */,
			);
			path = fluxtest;
			sourceTree = "<group>";
		};
		D4FD556419F3644C00954C53 /* Supporting Files */ = {
			isa = PBXGroup;
			children = (
				D4FD556519F3644C00954C53 /* Info.plist */,
				D4FD556619F3644C00954C53 /* main.m */,
			);
			name = "Supporting Files";
			sourceTree = "<group>";
		};
		D4FD557D19F3644C00954C53 /* fluxtestTests */ = {
			isa = PBXGroup;
			children = (
				D4FD558019F3644C00954C53 /* fluxtestTests.m */,
				D4FD557E19F3644C00954C53 /* Supporting Files */,
			);
			path = fluxtestTests;
			sourceTree = "<group>";
		};
		D4FD557E19F3644C00954C53 /* Supporting Files */ = {
			isa = PBXGroup;
			children = (
				D4FD557F19F3644C00954C53 /* Info.plist */,
			);
			name = "Supporting Files";
			sourceTree = "<group>";
		};
		D4FD559619F36E3100954C53 /* Flux */ = {
			isa = PBXGroup;
			children = (
				D4FD559719F36E3C00954C53 /* FLXAction.h */,
				D4FD559819F36E3C00954C53 /* FLXAction.m */,
				D4FD559A19F36E4300954C53 /* FLXDispatcher.h */,
				D4FD559B19F36E4300954C53 /* FLXDispatcher.m */,
				D4FD55A019F3701700954C53 /* FLXStore.h */,
				D4FD55A119F3701700954C53 /* FLXStore.m */,
				D4FD55A319F3705B00954C53 /* FLXStoreService.h */,
				D4FD55A419F3705B00954C53 /* FLXStoreService.m */,
				D4FD55A719F37F3800954C53 /* FLXConst.h */,
			);
			name = Flux;
			sourceTree = "<group>";
		};
/* End PBXGroup section */

/* Begin PBXNativeTarget section */
		D4FD556019F3644C00954C53 /* fluxtest */ = {
			isa = PBXNativeTarget;
			buildConfigurationList = D4FD558419F3644C00954C53 /* Build configuration list for PBXNativeTarget "fluxtest" */;
			buildPhases = (
				D4FD555D19F3644C00954C53 /* Sources */,
				D4FD555E19F3644C00954C53 /* Frameworks */,
				D4FD555F19F3644C00954C53 /* Resources */,
			);
			buildRules = (
			);
			dependencies = (
			);
			name = fluxtest;
			productName = fluxtest;
			productReference = D4FD556119F3644C00954C53 /* fluxtest.app */;
			productType = "com.apple.product-type.application";
		};
		D4FD557919F3644C00954C53 /* fluxtestTests */ = {
			isa = PBXNativeTarget;
			buildConfigurationList = D4FD558719F3644C00954C53 /* Build configuration list for PBXNativeTarget "fluxtestTests" */;
			buildPhases = (
				D4FD557619F3644C00954C53 /* Sources */,
				D4FD557719F3644C00954C53 /* Frameworks */,
				D4FD557819F3644C00954C53 /* Resources */,
			);
			buildRules = (
			);
			dependencies = (
				D4FD557C19F3644C00954C53 /* PBXTargetDependency */,
			);
			name = fluxtestTests;
			productName = fluxtestTests;
			productReference = D4FD557A19F3644C00954C53 /* fluxtestTests.xctest */;
			productType = "com.apple.product-type.bundle.unit-test";
		};
/* End PBXNativeTarget section */

/* Begin PBXProject section */
		D4FD555919F3644C00954C53 /* Project object */ = {
			isa = PBXProject;
			attributes = {
				LastUpgradeCheck = 0600;
				ORGANIZATIONNAME = kaiinui;
				TargetAttributes = {
					D4FD556019F3644C00954C53 = {
						CreatedOnToolsVersion = 6.0;
					};
					D4FD557919F3644C00954C53 = {
						CreatedOnToolsVersion = 6.0;
						TestTargetID = D4FD556019F3644C00954C53;
					};
				};
			};
			buildConfigurationList = D4FD555C19F3644C00954C53 /* Build configuration list for PBXProject "fluxtest" */;
			compatibilityVersion = "Xcode 3.2";
			developmentRegion = English;
			hasScannedForEncodings = 0;
			knownRegions = (
				en,
				Base,
			);
			mainGroup = D4FD555819F3644C00954C53;
			productRefGroup = D4FD556219F3644C00954C53 /* Products */;
			projectDirPath = "";
			projectRoot = "";
			targets = (
				D4FD556019F3644C00954C53 /* fluxtest */,
				D4FD557919F3644C00954C53 /* fluxtestTests */,
			);
		};
/* End PBXProject section */

/* Begin PBXResourcesBuildPhase section */
		D4FD555F19F3644C00954C53 /* Resources */ = {
			isa = PBXResourcesBuildPhase;
			buildActionMask = 2147483647;
			files = (
				D4FD557019F3644C00954C53 /* Main.storyboard in Resources */,
				D4FD557519F3644C00954C53 /* LaunchScreen.xib in Resources */,
				D4FD557219F3644C00954C53 /* Images.xcassets in Resources */,
			);
			runOnlyForDeploymentPostprocessing = 0;
		};
		D4FD557819F3644C00954C53 /* Resources */ = {
			isa = PBXResourcesBuildPhase;
			buildActionMask = 2147483647;
			files = (
			);
			runOnlyForDeploymentPostprocessing = 0;
		};
/* End PBXResourcesBuildPhase section */

/* Begin PBXSourcesBuildPhase section */
		D4FD555D19F3644C00954C53 /* Sources */ = {
			isa = PBXSourcesBuildPhase;
			buildActionMask = 2147483647;
			files = (
				D4FD55A519F3705B00954C53 /* FLXStoreService.m in Sources */,
				D4FD558C19F3688900954C53 /* FLXTodoTableViewCell.m in Sources */,
				D4FD556D19F3644C00954C53 /* FLXTodoTableViewController.m in Sources */,
				D4FD559519F36BF200954C53 /* FLXTodo.m in Sources */,
				D4FD559219F36B3600954C53 /* FLXTodoDispatcher.m in Sources */,
				D4FD558F19F36AC000954C53 /* FLXTodoAction.m in Sources */,
				D4FD559C19F36E4300954C53 /* FLXDispatcher.m in Sources */,
				D4FD556A19F3644C00954C53 /* AppDelegate.m in Sources */,
				D4FD559919F36E3C00954C53 /* FLXAction.m in Sources */,
				D4FD559F19F3700D00954C53 /* FLXTodoStore.m in Sources */,
				D4FD55A219F3701700954C53 /* FLXStore.m in Sources */,
				D4FD556719F3644C00954C53 /* main.m in Sources */,
			);
			runOnlyForDeploymentPostprocessing = 0;
		};
		D4FD557619F3644C00954C53 /* Sources */ = {
			isa = PBXSourcesBuildPhase;
			buildActionMask = 2147483647;
			files = (
				D4FD558119F3644C00954C53 /* fluxtestTests.m in Sources */,
			);
			runOnlyForDeploymentPostprocessing = 0;
		};
/* End PBXSourcesBuildPhase section */

/* Begin PBXTargetDependency section */
		D4FD557C19F3644C00954C53 /* PBXTargetDependency */ = {
			isa = PBXTargetDependency;
			target = D4FD556019F3644C00954C53 /* fluxtest */;
			targetProxy = D4FD557B19F3644C00954C53 /* PBXContainerItemProxy */;
		};
/* End PBXTargetDependency section */

/* Begin PBXVariantGroup section */
		D4FD556E19F3644C00954C53 /* Main.storyboard */ = {
			isa = PBXVariantGroup;
			children = (
				D4FD556F19F3644C00954C53 /* Base */,
			);
			name = Main.storyboard;
			sourceTree = "<group>";
		};
		D4FD557319F3644C00954C53 /* LaunchScreen.xib */ = {
			isa = PBXVariantGroup;
			children = (
				D4FD557419F3644C00954C53 /* Base */,
			);
			name = LaunchScreen.xib;
			sourceTree = "<group>";
		};
/* End PBXVariantGroup section */

/* Begin XCBuildConfiguration section */
		D4FD558219F3644C00954C53 /* Debug */ = {
			isa = XCBuildConfiguration;
			buildSettings = {
				ALWAYS_SEARCH_USER_PATHS = NO;
				CLANG_CXX_LANGUAGE_STANDARD = "gnu++0x";
				CLANG_CXX_LIBRARY = "libc++";
				CLANG_ENABLE_MODULES = YES;
				CLANG_ENABLE_OBJC_ARC = YES;
				CLANG_WARN_BOOL_CONVERSION = YES;
				CLANG_WARN_CONSTANT_CONVERSION = YES;
				CLANG_WARN_DIRECT_OBJC_ISA_USAGE = YES_ERROR;
				CLANG_WARN_EMPTY_BODY = YES;
				CLANG_WARN_ENUM_CONVERSION = YES;
				CLANG_WARN_INT_CONVERSION = YES;
				CLANG_WARN_OBJC_ROOT_CLASS = YES_ERROR;
				CLANG_WARN_UNREACHABLE_CODE = YES;
				CLANG_WARN__DUPLICATE_METHOD_MATCH = YES;
				"CODE_SIGN_IDENTITY[sdk=iphoneos*]" = "iPhone Developer";
				COPY_PHASE_STRIP = NO;
				ENABLE_STRICT_OBJC_MSGSEND = YES;
				GCC_C_LANGUAGE_STANDARD = gnu99;
				GCC_DYNAMIC_NO_PIC = NO;
				GCC_OPTIMIZATION_LEVEL = 0;
				GCC_PREPROCESSOR_DEFINITIONS = (
					"DEBUG=1",
					"$(inherited)",
				);
				GCC_SYMBOLS_PRIVATE_EXTERN = NO;
				GCC_WARN_64_TO_32_BIT_CONVERSION = YES;
				GCC_WARN_ABOUT_RETURN_TYPE = YES_ERROR;
				GCC_WARN_UNDECLARED_SELECTOR = YES;
				GCC_WARN_UNINITIALIZED_AUTOS = YES_AGGRESSIVE;
				GCC_WARN_UNUSED_FUNCTION = YES;
				GCC_WARN_UNUSED_VARIABLE = YES;
				IPHONEOS_DEPLOYMENT_TARGET = 8.0;
				MTL_ENABLE_DEBUG_INFO = YES;
				ONLY_ACTIVE_ARCH = YES;
				SDKROOT = iphoneos;
			};
			name = Debug;
		};
		D4FD558319F3644C00954C53 /* Release */ = {
			isa = XCBuildConfiguration;
			buildSettings = {
				ALWAYS_SEARCH_USER_PATHS = NO;
				CLANG_CXX_LANGUAGE_STANDARD = "gnu++0x";
				CLANG_CXX_LIBRARY = "libc++";
				CLANG_ENABLE_MODULES = YES;
				CLANG_ENABLE_OBJC_ARC = YES;
				CLANG_WARN_BOOL_CONVERSION = YES;
				CLANG_WARN_CONSTANT_CONVERSION = YES;
				CLANG_WARN_DIRECT_OBJC_ISA_USAGE = YES_ERROR;
				CLANG_WARN_EMPTY_BODY = YES;
				CLANG_WARN_ENUM_CONVERSION = YES;
				CLANG_WARN_INT_CONVERSION = YES;
				CLANG_WARN_OBJC_ROOT_CLASS = YES_ERROR;
				CLANG_WARN_UNREACHABLE_CODE = YES;
				CLANG_WARN__DUPLICATE_METHOD_MATCH = YES;
				"CODE_SIGN_IDENTITY[sdk=iphoneos*]" = "iPhone Developer";
				COPY_PHASE_STRIP = YES;
				ENABLE_NS_ASSERTIONS = NO;
				ENABLE_STRICT_OBJC_MSGSEND = YES;
				GCC_C_LANGUAGE_STANDARD = gnu99;
				GCC_WARN_64_TO_32_BIT_CONVERSION = YES;
				GCC_WARN_ABOUT_RETURN_TYPE = YES_ERROR;
				GCC_WARN_UNDECLARED_SELECTOR = YES;
				GCC_WARN_UNINITIALIZED_AUTOS = YES_AGGRESSIVE;
				GCC_WARN_UNUSED_FUNCTION = YES;
				GCC_WARN_UNUSED_VARIABLE = YES;
				IPHONEOS_DEPLOYMENT_TARGET = 8.0;
				MTL_ENABLE_DEBUG_INFO = NO;
				SDKROOT = iphoneos;
				VALIDATE_PRODUCT = YES;
			};
			name = Release;
		};
		D4FD558519F3644C00954C53 /* Debug */ = {
			isa = XCBuildConfiguration;
			buildSettings = {
				ASSETCATALOG_COMPILER_APPICON_NAME = AppIcon;
				INFOPLIST_FILE = fluxtest/Info.plist;
				LD_RUNPATH_SEARCH_PATHS = "$(inherited) @executable_path/Frameworks";
				PRODUCT_NAME = "$(TARGET_NAME)";
			};
			name = Debug;
		};
		D4FD558619F3644C00954C53 /* Release */ = {
			isa = XCBuildConfiguration;
			buildSettings = {
				ASSETCATALOG_COMPILER_APPICON_NAME = AppIcon;
				INFOPLIST_FILE = fluxtest/Info.plist;
				LD_RUNPATH_SEARCH_PATHS = "$(inherited) @executable_path/Frameworks";
				PRODUCT_NAME = "$(TARGET_NAME)";
			};
			name = Release;
		};
		D4FD558819F3644C00954C53 /* Debug */ = {
			isa = XCBuildConfiguration;
			buildSettings = {
				BUNDLE_LOADER = "$(TEST_HOST)";
				FRAMEWORK_SEARCH_PATHS = (
					"$(SDKROOT)/Developer/Library/Frameworks",
					"$(inherited)",
				);
				GCC_PREPROCESSOR_DEFINITIONS = (
					"DEBUG=1",
					"$(inherited)",
				);
				INFOPLIST_FILE = fluxtestTests/Info.plist;
				LD_RUNPATH_SEARCH_PATHS = "$(inherited) @executable_path/Frameworks @loader_path/Frameworks";
				PRODUCT_NAME = "$(TARGET_NAME)";
				TEST_HOST = "$(BUILT_PRODUCTS_DIR)/fluxtest.app/fluxtest";
			};
			name = Debug;
		};
		D4FD558919F3644C00954C53 /* Release */ = {
			isa = XCBuildConfiguration;
			buildSettings = {
				BUNDLE_LOADER = "$(TEST_HOST)";
				FRAMEWORK_SEARCH_PATHS = (
					"$(SDKROOT)/Developer/Library/Frameworks",
					"$(inherited)",
				);
				INFOPLIST_FILE = fluxtestTests/Info.plist;
				LD_RUNPATH_SEARCH_PATHS = "$(inherited) @executable_path/Frameworks @loader_path/Frameworks";
				PRODUCT_NAME = "$(TARGET_NAME)";
				TEST_HOST = "$(BUILT_PRODUCTS_DIR)/fluxtest.app/fluxtest";
			};
			name = Release;
		};
/* End XCBuildConfiguration section */

/* Begin XCConfigurationList section */
		D4FD555C19F3644C00954C53 /* Build configuration list for PBXProject "fluxtest" */ = {
			isa = XCConfigurationList;
			buildConfigurations = (
				D4FD558219F3644C00954C53 /* Debug */,
				D4FD558319F3644C00954C53 /* Release */,
			);
			defaultConfigurationIsVisible = 0;
			defaultConfigurationName = Release;
		};
		D4FD558419F3644C00954C53 /* Build configuration list for PBXNativeTarget "fluxtest" */ = {
			isa = XCConfigurationList;
			buildConfigurations = (
				D4FD558519F3644C00954C53 /* Debug */,
				D4FD558619F3644C00954C53 /* Release */,
			);
			defaultConfigurationIsVisible = 0;
		};
		D4FD558719F3644C00954C53 /* Build configuration list for PBXNativeTarget "fluxtestTests" */ = {
			isa = XCConfigurationList;
			buildConfigurations = (
				D4FD558819F3644C00954C53 /* Debug */,
				D4FD558919F3644C00954C53 /* Release */,
			);
			defaultConfigurationIsVisible = 0;
		};
/* End XCConfigurationList section */
	};
	rootObject = D4FD555919F3644C00954C53 /* Project object */;
}
